
Microsoft Visual Studio Solution File, Format Version 12.00
# Visual Studio Version 16
VisualStudioVersion = 16.0.31624.102
MinimumVisualStudioVersion = 10.0.40219.1
Project("{FAE04EC0-301F-11D3-BF4B-00C04F79EFBC}") = "StealthGame.UWP", "StealthGame.UWP\StealthGame.UWP.csproj", "{F613222F-589B-4197-B4D0-C54EF0D578E3}"
EndProject
Project("{FAE04EC0-301F-11D3-BF4B-00C04F79EFBC}") = "StealthGame", "StealthGame\StealthGame.csproj", "{187F888A-732A-4F79-8FF1-5A5D0833C5F9}"
EndProject
Project("{FAE04EC0-301F-11D3-BF4B-00C04F79EFBC}") = "StealthGameTest", "StealthGameTest\StealthGameTest.csproj", "{08511E66-69E1-482C-BBDB-287D48C38F1C}"
EndProject
Global
	GlobalSection(SolutionConfigurationPlatforms) = preSolution
		Debug|Any CPU = Debug|Any CPU
		Debug|ARM = Debug|ARM
		Debug|x64 = Debug|x64
		Debug|x86 = Debug|x86
		Release|Any CPU = Release|Any CPU
		Release|ARM = Release|ARM
		Release|x64 = Release|x64
		Release|x86 = Release|x86
	EndGlobalSection
	GlobalSection(ProjectConfigurationPlatforms) = postSolution
		{F613222F-589B-4197-B4D0-C54EF0D578E3}.Debug|Any CPU.ActiveCfg = Debug|x86
		{F613222F-589B-4197-B4D0-C54EF0D578E3}.Debug|Any CPU.Build.0 = Debug|x86
		{F613222F-589B-4197-B4D0-C54EF0D578E3}.Debug|Any CPU.Deploy.0 = Debug|x86
		{F613222F-589B-4197-B4D0-C54EF0D578E3}.Debug|ARM.ActiveCfg = Debug|ARM
		{F613222F-589B-4197-B4D0-C54EF0D578E3}.Debug|ARM.Build.0 = Debug|ARM
		{F613222F-589B-4197-B4D0-C54EF0D578E3}.Debug|ARM.Deploy.0 = Debug|ARM
		{F613222F-589B-4197-B4D0-C54EF0D578E3}.Debug|x64.ActiveCfg = Debug|x64
		{F613222F-589B-4197-B4D0-C54EF0D578E3}.Debug|x64.Build.0 = Debug|x64
		{F613222F-589B-4197-B4D0-C54EF0D578E3}.Debug|x64.Deploy.0 = Debug|x64
		{F613222F-589B-4197-B4D0-C54EF0D578E3}.Debug|x86.ActiveCfg = Debug|x86
		{F613222F-589B-4197-B4D0-C54EF0D578E3}.Debug|x86.Build.0 = Debug|x86
		{F613222F-589B-4197-B4D0-C54EF0D578E3}.Debug|x86.Deploy.0 = Debug|x86
		{F613222F-589B-4197-B4D0-C54EF0D578E3}.Release|Any CPU.ActiveCfg = Release|x86
		{F613222F-589B-4197-B4D0-C54EF0D578E3}.Release|Any CPU.Build.0 = Release|x86
		{F613222F-589B-4197-B4D0-C54EF0D578E3}.Release|Any CPU.Deploy.0 = Release|x86
		{F613222F-589B-4197-B4D0-C54EF0D578E3}.Release|ARM.ActiveCfg = Release|ARM
		{F613222F-589B-4197-B4D0-C54EF0D578E3}.Release|ARM.Build.0 = Release|ARM
		{F613222F-589B-4197-B4D0-C54EF0D578E3}.Release|ARM.Deploy.0 = Release|ARM
		{F613222F-589B-4197-B4D0-C54EF0D578E3}.Release|x64.ActiveCfg = Release|x64
		{F613222F-589B-4197-B4D0-C54EF0D578E3}.Release|x64.Build.0 = Release|x64
		{F613222F-589B-4197-B4D0-C54EF0D578E3}.Release|x64.Deploy.0 = Release|x64
		{F613222F-589B-4197-B4D0-C54EF0D578E3}.Release|x86.ActiveCfg = Release|x86
		{F613222F-589B-4197-B4D0-C54EF0D578E3}.Release|x86.Build.0 = Release|x86
		{F613222F-589B-4197-B4D0-C54EF0D578E3}.Release|x86.Deploy.0 = Release|x86
		{187F888A-732A-4F79-8FF1-5A5D0833C5F9}.Debug|Any CPU.ActiveCfg = Debug|Any CPU
		{187F888A-732A-4F79-8FF1-5A5D0833C5F9}.Debug|Any CPU.Build.0 = Debug|Any CPU
		{187F888A-732A-4F79-8FF1-5A5D0833C5F9}.Debug|Any CPU.Deploy.0 = Debug|Any CPU
		{187F888A-732A-4F79-8FF1-5A5D0833C5F9}.Debug|ARM.ActiveCfg = Debug|Any CPU
		{187F888A-732A-4F79-8FF1-5A5D0833C5F9}.Debug|ARM.Build.0 = Debug|Any CPU
		{187F888A-732A-4F79-8FF1-5A5D0833C5F9}.Debug|ARM.Deploy.0 = Debug|Any CPU
		{187F888A-732A-4F79-8FF1-5A5D0833C5F9}.Debug|x64.ActiveCfg = Debug|Any CPU
		{187F888A-732A-4F79-8FF1-5A5D0833C5F9}.Debug|x64.Build.0 = Debug|Any CPU
		{187F888A-732A-4F79-8FF1-5A5D0833C5F9}.Debug|x64.Deploy.0 = Debug|Any CPU
		{187F888A-732A-4F79-8FF1-5A5D0833C5F9}.Debug|x86.ActiveCfg = Debug|Any CPU
		{187F888A-732A-4F79-8FF1-5A5D0833C5F9}.Debug|x86.Build.0 = Debug|Any CPU
		{187F888A-732A-4F79-8FF1-5A5D0833C5F9}.Debug|x86.Deploy.0 = Debug|Any CPU
		{187F888A-732A-4F79-8FF1-5A5D0833C5F9}.Release|Any CPU.ActiveCfg = Release|Any CPU
		{187F888A-732A-4F79-8FF1-5A5D0833C5F9}.Release|Any CPU.Build.0 = Release|Any CPU
		{187F888A-732A-4F79-8FF1-5A5D0833C5F9}.Release|Any CPU.Deploy.0 = Release|Any CPU
		{187F888A-732A-4F79-8FF1-5A5D0833C5F9}.Release|ARM.ActiveCfg = Release|Any CPU
		{187F888A-732A-4F79-8FF1-5A5D0833C5F9}.Release|ARM.Build.0 = Release|Any CPU
		{187F888A-732A-4F79-8FF1-5A5D0833C5F9}.Release|ARM.Deploy.0 = Release|Any CPU
		{187F888A-732A-4F79-8FF1-5A5D0833C5F9}.Release|x64.ActiveCfg = Release|Any CPU
		{187F888A-732A-4F79-8FF1-5A5D0833C5F9}.Release|x64.Build.0 = Release|Any CPU
		{187F888A-732A-4F79-8FF1-5A5D0833C5F9}.Release|x64.Deploy.0 = Release|Any CPU
		{187F888A-732A-4F79-8FF1-5A5D0833C5F9}.Release|x86.ActiveCfg = Release|Any CPU
		{187F888A-732A-4F79-8FF1-5A5D0833C5F9}.Release|x86.Build.0 = Release|Any CPU
		{187F888A-732A-4F79-8FF1-5A5D0833C5F9}.Release|x86.Deploy.0 = Release|Any CPU
		{08511E66-69E1-482C-BBDB-287D48C38F1C}.Debug|Any CPU.ActiveCfg = Debug|Any CPU
		{08511E66-69E1-482C-BBDB-287D48C38F1C}.Debug|Any CPU.Build.0 = Debug|Any CPU
		{08511E66-69E1-482C-BBDB-287D48C38F1C}.Debug|ARM.ActiveCfg = Debug|Any CPU
		{08511E66-69E1-482C-BBDB-287D48C38F1C}.Debug|ARM.Build.0 = Debug|Any CPU
		{08511E66-69E1-482C-BBDB-287D48C38F1C}.Debug|x64.ActiveCfg = Debug|Any CPU
		{08511E66-69E1-482C-BBDB-287D48C38F1C}.Debug|x64.Build.0 = Debug|Any CPU
		{08511E66-69E1-482C-BBDB-287D48C38F1C}.Debug|x86.ActiveCfg = Debug|Any CPU
		{08511E66-69E1-482C-BBDB-287D48C38F1C}.Debug|x86.Build.0 = Debug|Any CPU
		{08511E66-69E1-482C-BBDB-287D48C38F1C}.Release|Any CPU.ActiveCfg = Release|Any CPU
		{08511E66-69E1-482C-BBDB-287D48C38F1C}.Release|Any CPU.Build.0 = Release|Any CPU
		{08511E66-69E1-482C-BBDB-287D48C38F1C}.Release|ARM.ActiveCfg = Release|Any CPU
		{08511E66-69E1-482C-BBDB-287D48C38F1C}.Release|ARM.Build.0 = Release|Any CPU
		{08511E66-69E1-482C-BBDB-287D48C38F1C}.Release|x64.ActiveCfg = Release|Any CPU
		{08511E66-69E1-482C-BBDB-287D48C38F1C}.Release|x64.Build.0 = Release|Any CPU
		{08511E66-69E1-482C-BBDB-287D48C38F1C}.Release|x86.ActiveCfg = Release|Any CPU
		{08511E66-69E1-482C-BBDB-287D48C38F1C}.Release|x86.Build.0 = Release|Any CPU
	EndGlobalSection
	GlobalSection(SolutionProperties) = preSolution
		HideSolutionNode = FALSE
	EndGlobalSection
	GlobalSection(ExtensibilityGlobals) = postSolution
		SolutionGuid = {57E595B1-BA4B-4878-83EA-F51A09A8A661}
	EndGlobalSection
EndGlobal
